// !$*UTF8*$!
{
	archiveVersion = 1;
	classes = {
	};
	objectVersion = 55;
	objects = {

/* Begin PBXBuildFile section */
		010FA23628D070D200FB75F4 /* MessageViewController.swift in Sources */ = {isa = PBXBuildFile; fileRef = 010FA23528D070D200FB75F4 /* MessageViewController.swift */; };
		0198AD6828D06025009B2C9D /* ProfileViewController.swift in Sources */ = {isa = PBXBuildFile; fileRef = 0198AD6728D06025009B2C9D /* ProfileViewController.swift */; };
		01CBAEE128CF2B5C003A4ABA /* SginUpViewController.swift in Sources */ = {isa = PBXBuildFile; fileRef = 01CBAEE028CF2B5C003A4ABA /* SginUpViewController.swift */; };
		01CBAEE328CF3D1B003A4ABA /* ResetViewController.swift in Sources */ = {isa = PBXBuildFile; fileRef = 01CBAEE228CF3D1B003A4ABA /* ResetViewController.swift */; };
		01CBAEE528CF5DBA003A4ABA /* SearchBarViewController.swift in Sources */ = {isa = PBXBuildFile; fileRef = 01CBAEE428CF5DBA003A4ABA /* SearchBarViewController.swift */; };
		01CBAEE728CF5ECF003A4ABA /* HomeViewController.swift in Sources */ = {isa = PBXBuildFile; fileRef = 01CBAEE628CF5ECF003A4ABA /* HomeViewController.swift */; };
		444CAC2A28CF165100ED9FFD /* FirebaseAuth in Frameworks */ = {isa = PBXBuildFile; productRef = 444CAC2928CF165100ED9FFD /* FirebaseAuth */; };
		444CAC2C28CF165100ED9FFD /* FirebaseDatabase in Frameworks */ = {isa = PBXBuildFile; productRef = 444CAC2B28CF165100ED9FFD /* FirebaseDatabase */; };
		444CAC2E28CF165100ED9FFD /* FirebaseFirestore in Frameworks */ = {isa = PBXBuildFile; productRef = 444CAC2D28CF165100ED9FFD /* FirebaseFirestore */; };
		444CAC3028CF165100ED9FFD /* FirebaseStorage in Frameworks */ = {isa = PBXBuildFile; productRef = 444CAC2F28CF165100ED9FFD /* FirebaseStorage */; };
		444CAC3828CF2A0800ED9FFD /* Utilities.swift in Sources */ = {isa = PBXBuildFile; fileRef = 444CAC3728CF2A0800ED9FFD /* Utilities.swift */; };
		444CAC3B28D072CD00ED9FFD /* Database Manager.swift in Sources */ = {isa = PBXBuildFile; fileRef = 444CAC3A28D072CD00ED9FFD /* Database Manager.swift */; };
		44D80CFE28CE13400094B001 /* AppDelegate.swift in Sources */ = {isa = PBXBuildFile; fileRef = 44D80CFD28CE13400094B001 /* AppDelegate.swift */; };
		44D80D0028CE13400094B001 /* SceneDelegate.swift in Sources */ = {isa = PBXBuildFile; fileRef = 44D80CFF28CE13400094B001 /* SceneDelegate.swift */; };
		44D80D0228CE13400094B001 /* LogInViewController.swift in Sources */ = {isa = PBXBuildFile; fileRef = 44D80D0128CE13400094B001 /* LogInViewController.swift */; };
		44D80D0528CE13400094B001 /* Main.storyboard in Resources */ = {isa = PBXBuildFile; fileRef = 44D80D0328CE13400094B001 /* Main.storyboard */; };
		44D80D0828CE13400094B001 /* FinalProject.xcdatamodeld in Sources */ = {isa = PBXBuildFile; fileRef = 44D80D0628CE13400094B001 /* FinalProject.xcdatamodeld */; };
		44D80D0A28CE134D0094B001 /* Assets.xcassets in Resources */ = {isa = PBXBuildFile; fileRef = 44D80D0928CE134D0094B001 /* Assets.xcassets */; };
		44D80D0D28CE134D0094B001 /* LaunchScreen.storyboard in Resources */ = {isa = PBXBuildFile; fileRef = 44D80D0B28CE134D0094B001 /* LaunchScreen.storyboard */; };
		44D80D1828CE134E0094B001 /* FinalProjectTests.swift in Sources */ = {isa = PBXBuildFile; fileRef = 44D80D1728CE134E0094B001 /* FinalProjectTests.swift */; };
		44D80D2228CE134E0094B001 /* FinalProjectUITests.swift in Sources */ = {isa = PBXBuildFile; fileRef = 44D80D2128CE134E0094B001 /* FinalProjectUITests.swift */; };
		44D80D2428CE134E0094B001 /* FinalProjectUITestsLaunchTests.swift in Sources */ = {isa = PBXBuildFile; fileRef = 44D80D2328CE134E0094B001 /* FinalProjectUITestsLaunchTests.swift */; };
		44D80D3128CE14830094B001 /* GoogleService-Info.plist in Resources */ = {isa = PBXBuildFile; fileRef = 44D80D3028CE14830094B001 /* GoogleService-Info.plist */; };
		481BDCC2B84B12751932FC65 /* Pods_FinalProject_FinalProjectUITests.framework in Frameworks */ = {isa = PBXBuildFile; fileRef = B30C15FA2CAECC46CE79394A /* Pods_FinalProject_FinalProjectUITests.framework */; };
		97FC7D310BECB3147C4AEE5A /* Pods_FinalProject.framework in Frameworks */ = {isa = PBXBuildFile; fileRef = 2D1E02B3EBCB6C93EC9DD8C3 /* Pods_FinalProject.framework */; };
		BAF9BBCC28D1305000DA3105 /* CustomCollectionViewCell.swift in Sources */ = {isa = PBXBuildFile; fileRef = BAF9BBCA28D1305000DA3105 /* CustomCollectionViewCell.swift */; };
		BAF9BBCD28D1305000DA3105 /* CustomCollectionViewCell.xib in Resources */ = {isa = PBXBuildFile; fileRef = BAF9BBCB28D1305000DA3105 /* CustomCollectionViewCell.xib */; };
		BAF9BBCF28D1470500DA3105 /* EditProfileViewController.swift in Sources */ = {isa = PBXBuildFile; fileRef = BAF9BBCE28D1470500DA3105 /* EditProfileViewController.swift */; };
		BAF9BBD128D1CDAC00DA3105 /* CollectionInfoViewController.swift in Sources */ = {isa = PBXBuildFile; fileRef = BAF9BBD028D1CDAC00DA3105 /* CollectionInfoViewController.swift */; };
		BAF9BBD328D1EABE00DA3105 /* AddSessionViewController.swift in Sources */ = {isa = PBXBuildFile; fileRef = BAF9BBD228D1EABE00DA3105 /* AddSessionViewController.swift */; };
		BAF9BBD628D2860000DA3105 /* profileTableViewCell.swift in Sources */ = {isa = PBXBuildFile; fileRef = BAF9BBD428D2860000DA3105 /* profileTableViewCell.swift */; };
		BAF9BBD728D2860000DA3105 /* profileTableViewCell.xib in Resources */ = {isa = PBXBuildFile; fileRef = BAF9BBD528D2860000DA3105 /* profileTableViewCell.xib */; };
		BAF9BBDA28D289C900DA3105 /* SearchCollectionViewCell.swift in Sources */ = {isa = PBXBuildFile; fileRef = BAF9BBD828D289C900DA3105 /* SearchCollectionViewCell.swift */; };
		BAF9BBDB28D289C900DA3105 /* SearchCollectionViewCell.xib in Resources */ = {isa = PBXBuildFile; fileRef = BAF9BBD928D289C900DA3105 /* SearchCollectionViewCell.xib */; };
		BAF9BBDD28D29C7400DA3105 /* MapViewController.swift in Sources */ = {isa = PBXBuildFile; fileRef = BAF9BBDC28D29C7400DA3105 /* MapViewController.swift */; };
		BAF9BBDF28D3173200DA3105 /* shortViewController.swift in Sources */ = {isa = PBXBuildFile; fileRef = BAF9BBDE28D3173200DA3105 /* shortViewController.swift */; };
		CF11AA56BB66CB8FD415980A /* Pods_FinalProjectTests.framework in Frameworks */ = {isa = PBXBuildFile; fileRef = A799B3B503A3930CDB65FC9D /* Pods_FinalProjectTests.framework */; };
/* End PBXBuildFile section */

/* Begin PBXContainerItemProxy section */
		44D80D1428CE134E0094B001 /* PBXContainerItemProxy */ = {
			isa = PBXContainerItemProxy;
			containerPortal = 44D80CF228CE13400094B001 /* Project object */;
			proxyType = 1;
			remoteGlobalIDString = 44D80CF928CE13400094B001;
			remoteInfo = FinalProject;
		};
		44D80D1E28CE134E0094B001 /* PBXContainerItemProxy */ = {
			isa = PBXContainerItemProxy;
			containerPortal = 44D80CF228CE13400094B001 /* Project object */;
			proxyType = 1;
			remoteGlobalIDString = 44D80CF928CE13400094B001;
			remoteInfo = FinalProject;
		};
/* End PBXContainerItemProxy section */

/* Begin PBXFileReference section */
		010FA23528D070D200FB75F4 /* MessageViewController.swift */ = {isa = PBXFileReference; lastKnownFileType = sourcecode.swift; path = MessageViewController.swift; sourceTree = "<group>"; };
		0198AD6728D06025009B2C9D /* ProfileViewController.swift */ = {isa = PBXFileReference; lastKnownFileType = sourcecode.swift; path = ProfileViewController.swift; sourceTree = "<group>"; };
		01CBAEE028CF2B5C003A4ABA /* SginUpViewController.swift */ = {isa = PBXFileReference; lastKnownFileType = sourcecode.swift; path = SginUpViewController.swift; sourceTree = "<group>"; };
		01CBAEE228CF3D1B003A4ABA /* ResetViewController.swift */ = {isa = PBXFileReference; lastKnownFileType = sourcecode.swift; path = ResetViewController.swift; sourceTree = "<group>"; };
		01CBAEE428CF5DBA003A4ABA /* SearchBarViewController.swift */ = {isa = PBXFileReference; lastKnownFileType = sourcecode.swift; path = SearchBarViewController.swift; sourceTree = "<group>"; };
		01CBAEE628CF5ECF003A4ABA /* HomeViewController.swift */ = {isa = PBXFileReference; lastKnownFileType = sourcecode.swift; path = HomeViewController.swift; sourceTree = "<group>"; };
		16177B794DBBC19351F15A99 /* Pods-FinalProjectTests.release.xcconfig */ = {isa = PBXFileReference; includeInIndex = 1; lastKnownFileType = text.xcconfig; name = "Pods-FinalProjectTests.release.xcconfig"; path = "Target Support Files/Pods-FinalProjectTests/Pods-FinalProjectTests.release.xcconfig"; sourceTree = "<group>"; };
		24F7C2EE9B0054C42BB3C323 /* Pods-FinalProject-FinalProjectUITests.release.xcconfig */ = {isa = PBXFileReference; includeInIndex = 1; lastKnownFileType = text.xcconfig; name = "Pods-FinalProject-FinalProjectUITests.release.xcconfig"; path = "Target Support Files/Pods-FinalProject-FinalProjectUITests/Pods-FinalProject-FinalProjectUITests.release.xcconfig"; sourceTree = "<group>"; };
		2D1E02B3EBCB6C93EC9DD8C3 /* Pods_FinalProject.framework */ = {isa = PBXFileReference; explicitFileType = wrapper.framework; includeInIndex = 0; path = Pods_FinalProject.framework; sourceTree = BUILT_PRODUCTS_DIR; };
		3153DE799D2510DF03B71FE5 /* Pods-FinalProjectTests.debug.xcconfig */ = {isa = PBXFileReference; includeInIndex = 1; lastKnownFileType = text.xcconfig; name = "Pods-FinalProjectTests.debug.xcconfig"; path = "Target Support Files/Pods-FinalProjectTests/Pods-FinalProjectTests.debug.xcconfig"; sourceTree = "<group>"; };
		444CAC3728CF2A0800ED9FFD /* Utilities.swift */ = {isa = PBXFileReference; fileEncoding = 4; lastKnownFileType = sourcecode.swift; path = Utilities.swift; sourceTree = "<group>"; };
		444CAC3A28D072CD00ED9FFD /* Database Manager.swift */ = {isa = PBXFileReference; lastKnownFileType = sourcecode.swift; path = "Database Manager.swift"; sourceTree = "<group>"; };
		44D80CFA28CE13400094B001 /* FinalProject.app */ = {isa = PBXFileReference; explicitFileType = wrapper.application; includeInIndex = 0; path = FinalProject.app; sourceTree = BUILT_PRODUCTS_DIR; };
		44D80CFD28CE13400094B001 /* AppDelegate.swift */ = {isa = PBXFileReference; lastKnownFileType = sourcecode.swift; path = AppDelegate.swift; sourceTree = "<group>"; };
		44D80CFF28CE13400094B001 /* SceneDelegate.swift */ = {isa = PBXFileReference; lastKnownFileType = sourcecode.swift; path = SceneDelegate.swift; sourceTree = "<group>"; };
		44D80D0128CE13400094B001 /* LogInViewController.swift */ = {isa = PBXFileReference; lastKnownFileType = sourcecode.swift; path = LogInViewController.swift; sourceTree = "<group>"; };
		44D80D0428CE13400094B001 /* Base */ = {isa = PBXFileReference; lastKnownFileType = file.storyboard; name = Base; path = Base.lproj/Main.storyboard; sourceTree = "<group>"; };
		44D80D0728CE13400094B001 /* FinalProject.xcdatamodel */ = {isa = PBXFileReference; lastKnownFileType = wrapper.xcdatamodel; path = FinalProject.xcdatamodel; sourceTree = "<group>"; };
		44D80D0928CE134D0094B001 /* Assets.xcassets */ = {isa = PBXFileReference; lastKnownFileType = folder.assetcatalog; path = Assets.xcassets; sourceTree = "<group>"; };
		44D80D0C28CE134D0094B001 /* Base */ = {isa = PBXFileReference; lastKnownFileType = file.storyboard; name = Base; path = Base.lproj/LaunchScreen.storyboard; sourceTree = "<group>"; };
		44D80D0E28CE134D0094B001 /* Info.plist */ = {isa = PBXFileReference; lastKnownFileType = text.plist.xml; path = Info.plist; sourceTree = "<group>"; };
		44D80D1328CE134E0094B001 /* FinalProjectTests.xctest */ = {isa = PBXFileReference; explicitFileType = wrapper.cfbundle; includeInIndex = 0; path = FinalProjectTests.xctest; sourceTree = BUILT_PRODUCTS_DIR; };
		44D80D1728CE134E0094B001 /* FinalProjectTests.swift */ = {isa = PBXFileReference; lastKnownFileType = sourcecode.swift; path = FinalProjectTests.swift; sourceTree = "<group>"; };
		44D80D1D28CE134E0094B001 /* FinalProjectUITests.xctest */ = {isa = PBXFileReference; explicitFileType = wrapper.cfbundle; includeInIndex = 0; path = FinalProjectUITests.xctest; sourceTree = BUILT_PRODUCTS_DIR; };
		44D80D2128CE134E0094B001 /* FinalProjectUITests.swift */ = {isa = PBXFileReference; lastKnownFileType = sourcecode.swift; path = FinalProjectUITests.swift; sourceTree = "<group>"; };
		44D80D2328CE134E0094B001 /* FinalProjectUITestsLaunchTests.swift */ = {isa = PBXFileReference; lastKnownFileType = sourcecode.swift; path = FinalProjectUITestsLaunchTests.swift; sourceTree = "<group>"; };
		44D80D3028CE14830094B001 /* GoogleService-Info.plist */ = {isa = PBXFileReference; fileEncoding = 4; lastKnownFileType = text.plist.xml; path = "GoogleService-Info.plist"; sourceTree = "<group>"; };
		45547644A2784E44D4ADC8E5 /* Pods-FinalProject.release.xcconfig */ = {isa = PBXFileReference; includeInIndex = 1; lastKnownFileType = text.xcconfig; name = "Pods-FinalProject.release.xcconfig"; path = "Target Support Files/Pods-FinalProject/Pods-FinalProject.release.xcconfig"; sourceTree = "<group>"; };
		6FA2367C9A61480B87FB4C3C /* Pods-FinalProject.debug.xcconfig */ = {isa = PBXFileReference; includeInIndex = 1; lastKnownFileType = text.xcconfig; name = "Pods-FinalProject.debug.xcconfig"; path = "Target Support Files/Pods-FinalProject/Pods-FinalProject.debug.xcconfig"; sourceTree = "<group>"; };
		775B9C03BE8365F0E04F124B /* Pods-FinalProject-FinalProjectUITests.debug.xcconfig */ = {isa = PBXFileReference; includeInIndex = 1; lastKnownFileType = text.xcconfig; name = "Pods-FinalProject-FinalProjectUITests.debug.xcconfig"; path = "Target Support Files/Pods-FinalProject-FinalProjectUITests/Pods-FinalProject-FinalProjectUITests.debug.xcconfig"; sourceTree = "<group>"; };
		A799B3B503A3930CDB65FC9D /* Pods_FinalProjectTests.framework */ = {isa = PBXFileReference; explicitFileType = wrapper.framework; includeInIndex = 0; path = Pods_FinalProjectTests.framework; sourceTree = BUILT_PRODUCTS_DIR; };
		B30C15FA2CAECC46CE79394A /* Pods_FinalProject_FinalProjectUITests.framework */ = {isa = PBXFileReference; explicitFileType = wrapper.framework; includeInIndex = 0; path = Pods_FinalProject_FinalProjectUITests.framework; sourceTree = BUILT_PRODUCTS_DIR; };
		BAF9BBCA28D1305000DA3105 /* CustomCollectionViewCell.swift */ = {isa = PBXFileReference; lastKnownFileType = sourcecode.swift; path = CustomCollectionViewCell.swift; sourceTree = "<group>"; };
		BAF9BBCB28D1305000DA3105 /* CustomCollectionViewCell.xib */ = {isa = PBXFileReference; lastKnownFileType = file.xib; path = CustomCollectionViewCell.xib; sourceTree = "<group>"; };
		BAF9BBCE28D1470500DA3105 /* EditProfileViewController.swift */ = {isa = PBXFileReference; lastKnownFileType = sourcecode.swift; path = EditProfileViewController.swift; sourceTree = "<group>"; };
		BAF9BBD028D1CDAC00DA3105 /* CollectionInfoViewController.swift */ = {isa = PBXFileReference; lastKnownFileType = sourcecode.swift; path = CollectionInfoViewController.swift; sourceTree = "<group>"; };
		BAF9BBD228D1EABE00DA3105 /* AddSessionViewController.swift */ = {isa = PBXFileReference; lastKnownFileType = sourcecode.swift; path = AddSessionViewController.swift; sourceTree = "<group>"; };
		BAF9BBD428D2860000DA3105 /* profileTableViewCell.swift */ = {isa = PBXFileReference; lastKnownFileType = sourcecode.swift; path = profileTableViewCell.swift; sourceTree = "<group>"; };
		BAF9BBD528D2860000DA3105 /* profileTableViewCell.xib */ = {isa = PBXFileReference; lastKnownFileType = file.xib; path = profileTableViewCell.xib; sourceTree = "<group>"; };
		BAF9BBD828D289C900DA3105 /* SearchCollectionViewCell.swift */ = {isa = PBXFileReference; lastKnownFileType = sourcecode.swift; path = SearchCollectionViewCell.swift; sourceTree = "<group>"; };
		BAF9BBD928D289C900DA3105 /* SearchCollectionViewCell.xib */ = {isa = PBXFileReference; lastKnownFileType = file.xib; path = SearchCollectionViewCell.xib; sourceTree = "<group>"; };
		BAF9BBDC28D29C7400DA3105 /* MapViewController.swift */ = {isa = PBXFileReference; lastKnownFileType = sourcecode.swift; path = MapViewController.swift; sourceTree = "<group>"; };
		BAF9BBDE28D3173200DA3105 /* shortViewController.swift */ = {isa = PBXFileReference; lastKnownFileType = sourcecode.swift; path = shortViewController.swift; sourceTree = "<group>"; };
/* End PBXFileReference section */

/* Begin PBXFrameworksBuildPhase section */
		44D80CF728CE13400094B001 /* Frameworks */ = {
			isa = PBXFrameworksBuildPhase;
			buildActionMask = 2147483647;
			files = (
				444CAC2C28CF165100ED9FFD /* FirebaseDatabase in Frameworks */,
				444CAC3028CF165100ED9FFD /* FirebaseStorage in Frameworks */,
				444CAC2A28CF165100ED9FFD /* FirebaseAuth in Frameworks */,
				444CAC2E28CF165100ED9FFD /* FirebaseFirestore in Frameworks */,
				97FC7D310BECB3147C4AEE5A /* Pods_FinalProject.framework in Frameworks */,
			);
			runOnlyForDeploymentPostprocessing = 0;
		};
		44D80D1028CE134E0094B001 /* Frameworks */ = {
			isa = PBXFrameworksBuildPhase;
			buildActionMask = 2147483647;
			files = (
				CF11AA56BB66CB8FD415980A /* Pods_FinalProjectTests.framework in Frameworks */,
			);
			runOnlyForDeploymentPostprocessing = 0;
		};
		44D80D1A28CE134E0094B001 /* Frameworks */ = {
			isa = PBXFrameworksBuildPhase;
			buildActionMask = 2147483647;
			files = (
				481BDCC2B84B12751932FC65 /* Pods_FinalProject_FinalProjectUITests.framework in Frameworks */,
			);
			runOnlyForDeploymentPostprocessing = 0;
		};
/* End PBXFrameworksBuildPhase section */

/* Begin PBXGroup section */
		444CAC3928CF2A1B00ED9FFD /* Utilities */ = {
			isa = PBXGroup;
			children = (
				444CAC3728CF2A0800ED9FFD /* Utilities.swift */,
			);
			path = Utilities;
			sourceTree = "<group>";
		};
		44D80CF128CE13400094B001 = {
			isa = PBXGroup;
			children = (
				44D80CFC28CE13400094B001 /* FinalProject */,
				44D80D1628CE134E0094B001 /* FinalProjectTests */,
				44D80D2028CE134E0094B001 /* FinalProjectUITests */,
				44D80CFB28CE13400094B001 /* Products */,
				EED8729D797C86C5B6E21D0E /* Pods */,
				548537127D8F98BA752D770F /* Frameworks */,
			);
			sourceTree = "<group>";
		};
		44D80CFB28CE13400094B001 /* Products */ = {
			isa = PBXGroup;
			children = (
				44D80CFA28CE13400094B001 /* FinalProject.app */,
				44D80D1328CE134E0094B001 /* FinalProjectTests.xctest */,
				44D80D1D28CE134E0094B001 /* FinalProjectUITests.xctest */,
			);
			name = Products;
			sourceTree = "<group>";
		};
		44D80CFC28CE13400094B001 /* FinalProject */ = {
			isa = PBXGroup;
			children = (
				44D80CFD28CE13400094B001 /* AppDelegate.swift */,
				01CBAEE028CF2B5C003A4ABA /* SginUpViewController.swift */,
				44D80CFF28CE13400094B001 /* SceneDelegate.swift */,
				44D80D0128CE13400094B001 /* LogInViewController.swift */,
				44D80D0328CE13400094B001 /* Main.storyboard */,
				0198AD6728D06025009B2C9D /* ProfileViewController.swift */,
				BAF9BBDC28D29C7400DA3105 /* MapViewController.swift */,
				BAF9BBD228D1EABE00DA3105 /* AddSessionViewController.swift */,
				01CBAEE628CF5ECF003A4ABA /* HomeViewController.swift */,
				01CBAEE428CF5DBA003A4ABA /* SearchBarViewController.swift */,
				01CBAEE228CF3D1B003A4ABA /* ResetViewController.swift */,
				BAF9BBD828D289C900DA3105 /* SearchCollectionViewCell.swift */,
				BAF9BBD928D289C900DA3105 /* SearchCollectionViewCell.xib */,
				BAF9BBCA28D1305000DA3105 /* CustomCollectionViewCell.swift */,
				BAF9BBCB28D1305000DA3105 /* CustomCollectionViewCell.xib */,
				BAF9BBD428D2860000DA3105 /* profileTableViewCell.swift */,
				BAF9BBD528D2860000DA3105 /* profileTableViewCell.xib */,
				010FA23528D070D200FB75F4 /* MessageViewController.swift */,
				BAF9BBDE28D3173200DA3105 /* shortViewController.swift */,
				44D80D0928CE134D0094B001 /* Assets.xcassets */,
				44D80D0B28CE134D0094B001 /* LaunchScreen.storyboard */,
				444CAC3A28D072CD00ED9FFD /* Database Manager.swift */,
				BAF9BBCE28D1470500DA3105 /* EditProfileViewController.swift */,
				BAF9BBD028D1CDAC00DA3105 /* CollectionInfoViewController.swift */,
				444CAC3928CF2A1B00ED9FFD /* Utilities */,
				44D80D0E28CE134D0094B001 /* Info.plist */,
				44D80D0628CE13400094B001 /* FinalProject.xcdatamodeld */,
				44D80D3028CE14830094B001 /* GoogleService-Info.plist */,
			);
			path = FinalProject;
			sourceTree = "<group>";
		};
		44D80D1628CE134E0094B001 /* FinalProjectTests */ = {
			isa = PBXGroup;
			children = (
				44D80D1728CE134E0094B001 /* FinalProjectTests.swift */,
			);
			path = FinalProjectTests;
			sourceTree = "<group>";
		};
		44D80D2028CE134E0094B001 /* FinalProjectUITests */ = {
			isa = PBXGroup;
			children = (
				44D80D2128CE134E0094B001 /* FinalProjectUITests.swift */,
				44D80D2328CE134E0094B001 /* FinalProjectUITestsLaunchTests.swift */,
			);
			path = FinalProjectUITests;
			sourceTree = "<group>";
		};
		548537127D8F98BA752D770F /* Frameworks */ = {
			isa = PBXGroup;
			children = (
				2D1E02B3EBCB6C93EC9DD8C3 /* Pods_FinalProject.framework */,
				B30C15FA2CAECC46CE79394A /* Pods_FinalProject_FinalProjectUITests.framework */,
				A799B3B503A3930CDB65FC9D /* Pods_FinalProjectTests.framework */,
			);
			name = Frameworks;
			sourceTree = "<group>";
		};
		EED8729D797C86C5B6E21D0E /* Pods */ = {
			isa = PBXGroup;
			children = (
				6FA2367C9A61480B87FB4C3C /* Pods-FinalProject.debug.xcconfig */,
				45547644A2784E44D4ADC8E5 /* Pods-FinalProject.release.xcconfig */,
				775B9C03BE8365F0E04F124B /* Pods-FinalProject-FinalProjectUITests.debug.xcconfig */,
				24F7C2EE9B0054C42BB3C323 /* Pods-FinalProject-FinalProjectUITests.release.xcconfig */,
				3153DE799D2510DF03B71FE5 /* Pods-FinalProjectTests.debug.xcconfig */,
				16177B794DBBC19351F15A99 /* Pods-FinalProjectTests.release.xcconfig */,
			);
			path = Pods;
			sourceTree = "<group>";
		};
/* End PBXGroup section */

/* Begin PBXNativeTarget section */
		44D80CF928CE13400094B001 /* FinalProject */ = {
			isa = PBXNativeTarget;
			buildConfigurationList = 44D80D2728CE134E0094B001 /* Build configuration list for PBXNativeTarget "FinalProject" */;
			buildPhases = (
				98135EF71713251D28103DA8 /* [CP] Check Pods Manifest.lock */,
				44D80CF628CE13400094B001 /* Sources */,
				44D80CF728CE13400094B001 /* Frameworks */,
				44D80CF828CE13400094B001 /* Resources */,
				2B787A43C3EDD9D466966B08 /* [CP] Embed Pods Frameworks */,
			);
			buildRules = (
			);
			dependencies = (
			);
			name = FinalProject;
			packageProductDependencies = (
				444CAC2928CF165100ED9FFD /* FirebaseAuth */,
				444CAC2B28CF165100ED9FFD /* FirebaseDatabase */,
				444CAC2D28CF165100ED9FFD /* FirebaseFirestore */,
				444CAC2F28CF165100ED9FFD /* FirebaseStorage */,
			);
			productName = FinalProject;
			productReference = 44D80CFA28CE13400094B001 /* FinalProject.app */;
			productType = "com.apple.product-type.application";
		};
		44D80D1228CE134E0094B001 /* FinalProjectTests */ = {
			isa = PBXNativeTarget;
			buildConfigurationList = 44D80D2A28CE134E0094B001 /* Build configuration list for PBXNativeTarget "FinalProjectTests" */;
			buildPhases = (
				5C48F338B17718F118637603 /* [CP] Check Pods Manifest.lock */,
				44D80D0F28CE134E0094B001 /* Sources */,
				44D80D1028CE134E0094B001 /* Frameworks */,
				44D80D1128CE134E0094B001 /* Resources */,
			);
			buildRules = (
			);
			dependencies = (
				44D80D1528CE134E0094B001 /* PBXTargetDependency */,
			);
			name = FinalProjectTests;
			productName = FinalProjectTests;
			productReference = 44D80D1328CE134E0094B001 /* FinalProjectTests.xctest */;
			productType = "com.apple.product-type.bundle.unit-test";
		};
		44D80D1C28CE134E0094B001 /* FinalProjectUITests */ = {
			isa = PBXNativeTarget;
			buildConfigurationList = 44D80D2D28CE134E0094B001 /* Build configuration list for PBXNativeTarget "FinalProjectUITests" */;
			buildPhases = (
				F8DC18BCCC7CA2E3056B6568 /* [CP] Check Pods Manifest.lock */,
				44D80D1928CE134E0094B001 /* Sources */,
				44D80D1A28CE134E0094B001 /* Frameworks */,
				44D80D1B28CE134E0094B001 /* Resources */,
				53309BC9C44E00A8E48D51E1 /* [CP] Embed Pods Frameworks */,
			);
			buildRules = (
			);
			dependencies = (
				44D80D1F28CE134E0094B001 /* PBXTargetDependency */,
			);
			name = FinalProjectUITests;
			productName = FinalProjectUITests;
			productReference = 44D80D1D28CE134E0094B001 /* FinalProjectUITests.xctest */;
			productType = "com.apple.product-type.bundle.ui-testing";
		};
/* End PBXNativeTarget section */

/* Begin PBXProject section */
		44D80CF228CE13400094B001 /* Project object */ = {
			isa = PBXProject;
			attributes = {
				BuildIndependentTargetsInParallel = 1;
				LastSwiftUpdateCheck = 1340;
				LastUpgradeCheck = 1340;
				TargetAttributes = {
					44D80CF928CE13400094B001 = {
						CreatedOnToolsVersion = 13.4.1;
					};
					44D80D1228CE134E0094B001 = {
						CreatedOnToolsVersion = 13.4.1;
						TestTargetID = 44D80CF928CE13400094B001;
					};
					44D80D1C28CE134E0094B001 = {
						CreatedOnToolsVersion = 13.4.1;
						TestTargetID = 44D80CF928CE13400094B001;
					};
				};
			};
			buildConfigurationList = 44D80CF528CE13400094B001 /* Build configuration list for PBXProject "FinalProject" */;
			compatibilityVersion = "Xcode 13.0";
			developmentRegion = en;
			hasScannedForEncodings = 0;
			knownRegions = (
				en,
				Base,
			);
			mainGroup = 44D80CF128CE13400094B001;
			packageReferences = (
				444CAC2828CF165100ED9FFD /* XCRemoteSwiftPackageReference "firebase-ios-sdk" */,
			);
			productRefGroup = 44D80CFB28CE13400094B001 /* Products */;
			projectDirPath = "";
			projectRoot = "";
			targets = (
				44D80CF928CE13400094B001 /* FinalProject */,
				44D80D1228CE134E0094B001 /* FinalProjectTests */,
				44D80D1C28CE134E0094B001 /* FinalProjectUITests */,
			);
		};
/* End PBXProject section */

/* Begin PBXResourcesBuildPhase section */
		44D80CF828CE13400094B001 /* Resources */ = {
			isa = PBXResourcesBuildPhase;
			buildActionMask = 2147483647;
			files = (
				BAF9BBDB28D289C900DA3105 /* SearchCollectionViewCell.xib in Resources */,
				44D80D0D28CE134D0094B001 /* LaunchScreen.storyboard in Resources */,
				BAF9BBD728D2860000DA3105 /* profileTableViewCell.xib in Resources */,
				44D80D3128CE14830094B001 /* GoogleService-Info.plist in Resources */,
				44D80D0A28CE134D0094B001 /* Assets.xcassets in Resources */,
				BAF9BBCD28D1305000DA3105 /* CustomCollectionViewCell.xib in Resources */,
				44D80D0528CE13400094B001 /* Main.storyboard in Resources */,
			);
			runOnlyForDeploymentPostprocessing = 0;
		};
		44D80D1128CE134E0094B001 /* Resources */ = {
			isa = PBXResourcesBuildPhase;
			buildActionMask = 2147483647;
			files = (
			);
			runOnlyForDeploymentPostprocessing = 0;
		};
		44D80D1B28CE134E0094B001 /* Resources */ = {
			isa = PBXResourcesBuildPhase;
			buildActionMask = 2147483647;
			files = (
			);
			runOnlyForDeploymentPostprocessing = 0;
		};
/* End PBXResourcesBuildPhase section */

/* Begin PBXShellScriptBuildPhase section */
		2B787A43C3EDD9D466966B08 /* [CP] Embed Pods Frameworks */ = {
			isa = PBXShellScriptBuildPhase;
			buildActionMask = 2147483647;
			files = (
			);
			inputFileListPaths = (
				"${PODS_ROOT}/Target Support Files/Pods-FinalProject/Pods-FinalProject-frameworks-${CONFIGURATION}-input-files.xcfilelist",
			);
			name = "[CP] Embed Pods Frameworks";
			outputFileListPaths = (
				"${PODS_ROOT}/Target Support Files/Pods-FinalProject/Pods-FinalProject-frameworks-${CONFIGURATION}-output-files.xcfilelist",
			);
			runOnlyForDeploymentPostprocessing = 0;
			shellPath = /bin/sh;
			shellScript = "\"${PODS_ROOT}/Target Support Files/Pods-FinalProject/Pods-FinalProject-frameworks.sh\"\n";
			showEnvVarsInLog = 0;
		};
		53309BC9C44E00A8E48D51E1 /* [CP] Embed Pods Frameworks */ = {
			isa = PBXShellScriptBuildPhase;
			buildActionMask = 2147483647;
			files = (
			);
			inputFileListPaths = (
				"${PODS_ROOT}/Target Support Files/Pods-FinalProject-FinalProjectUITests/Pods-FinalProject-FinalProjectUITests-frameworks-${CONFIGURATION}-input-files.xcfilelist",
			);
			name = "[CP] Embed Pods Frameworks";
			outputFileListPaths = (
				"${PODS_ROOT}/Target Support Files/Pods-FinalProject-FinalProjectUITests/Pods-FinalProject-FinalProjectUITests-frameworks-${CONFIGURATION}-output-files.xcfilelist",
			);
			runOnlyForDeploymentPostprocessing = 0;
			shellPath = /bin/sh;
			shellScript = "\"${PODS_ROOT}/Target Support Files/Pods-FinalProject-FinalProjectUITests/Pods-FinalProject-FinalProjectUITests-frameworks.sh\"\n";
			showEnvVarsInLog = 0;
		};
		5C48F338B17718F118637603 /* [CP] Check Pods Manifest.lock */ = {
			isa = PBXShellScriptBuildPhase;
			buildActionMask = 2147483647;
			files = (
			);
			inputFileListPaths = (
			);
			inputPaths = (
				"${PODS_PODFILE_DIR_PATH}/Podfile.lock",
				"${PODS_ROOT}/Manifest.lock",
			);
			name = "[CP] Check Pods Manifest.lock";
			outputFileListPaths = (
			);
			outputPaths = (
				"$(DERIVED_FILE_DIR)/Pods-FinalProjectTests-checkManifestLockResult.txt",
			);
			runOnlyForDeploymentPostprocessing = 0;
			shellPath = /bin/sh;
			shellScript = "diff \"${PODS_PODFILE_DIR_PATH}/Podfile.lock\" \"${PODS_ROOT}/Manifest.lock\" > /dev/null\nif [ $? != 0 ] ; then\n    # print error to STDERR\n    echo \"error: The sandbox is not in sync with the Podfile.lock. Run 'pod install' or update your CocoaPods installation.\" >&2\n    exit 1\nfi\n# This output is used by Xcode 'outputs' to avoid re-running this script phase.\necho \"SUCCESS\" > \"${SCRIPT_OUTPUT_FILE_0}\"\n";
			showEnvVarsInLog = 0;
		};
		98135EF71713251D28103DA8 /* [CP] Check Pods Manifest.lock */ = {
			isa = PBXShellScriptBuildPhase;
			buildActionMask = 2147483647;
			files = (
			);
			inputFileListPaths = (
			);
			inputPaths = (
				"${PODS_PODFILE_DIR_PATH}/Podfile.lock",
				"${PODS_ROOT}/Manifest.lock",
			);
			name = "[CP] Check Pods Manifest.lock";
			outputFileListPaths = (
			);
			outputPaths = (
				"$(DERIVED_FILE_DIR)/Pods-FinalProject-checkManifestLockResult.txt",
			);
			runOnlyForDeploymentPostprocessing = 0;
			shellPath = /bin/sh;
			shellScript = "diff \"${PODS_PODFILE_DIR_PATH}/Podfile.lock\" \"${PODS_ROOT}/Manifest.lock\" > /dev/null\nif [ $? != 0 ] ; then\n    # print error to STDERR\n    echo \"error: The sandbox is not in sync with the Podfile.lock. Run 'pod install' or update your CocoaPods installation.\" >&2\n    exit 1\nfi\n# This output is used by Xcode 'outputs' to avoid re-running this script phase.\necho \"SUCCESS\" > \"${SCRIPT_OUTPUT_FILE_0}\"\n";
			showEnvVarsInLog = 0;
		};
		F8DC18BCCC7CA2E3056B6568 /* [CP] Check Pods Manifest.lock */ = {
			isa = PBXShellScriptBuildPhase;
			buildActionMask = 2147483647;
			files = (
			);
			inputFileListPaths = (
			);
			inputPaths = (
				"${PODS_PODFILE_DIR_PATH}/Podfile.lock",
				"${PODS_ROOT}/Manifest.lock",
			);
			name = "[CP] Check Pods Manifest.lock";
			outputFileListPaths = (
			);
			outputPaths = (
				"$(DERIVED_FILE_DIR)/Pods-FinalProject-FinalProjectUITests-checkManifestLockResult.txt",
			);
			runOnlyForDeploymentPostprocessing = 0;
			shellPath = /bin/sh;
			shellScript = "diff \"${PODS_PODFILE_DIR_PATH}/Podfile.lock\" \"${PODS_ROOT}/Manifest.lock\" > /dev/null\nif [ $? != 0 ] ; then\n    # print error to STDERR\n    echo \"error: The sandbox is not in sync with the Podfile.lock. Run 'pod install' or update your CocoaPods installation.\" >&2\n    exit 1\nfi\n# This output is used by Xcode 'outputs' to avoid re-running this script phase.\necho \"SUCCESS\" > \"${SCRIPT_OUTPUT_FILE_0}\"\n";
			showEnvVarsInLog = 0;
		};
/* End PBXShellScriptBuildPhase section */

/* Begin PBXSourcesBuildPhase section */
		44D80CF628CE13400094B001 /* Sources */ = {
			isa = PBXSourcesBuildPhase;
			buildActionMask = 2147483647;
			files = (
				01CBAEE528CF5DBA003A4ABA /* SearchBarViewController.swift in Sources */,
				44D80D0228CE13400094B001 /* LogInViewController.swift in Sources */,
				444CAC3B28D072CD00ED9FFD /* Database Manager.swift in Sources */,
				44D80CFE28CE13400094B001 /* AppDelegate.swift in Sources */,
				44D80D0828CE13400094B001 /* FinalProject.xcdatamodeld in Sources */,
				BAF9BBDA28D289C900DA3105 /* SearchCollectionViewCell.swift in Sources */,
				444CAC3828CF2A0800ED9FFD /* Utilities.swift in Sources */,
				01CBAEE128CF2B5C003A4ABA /* SginUpViewController.swift in Sources */,
				44D80D0228CE13400094B001 /* LogInViewController.swift in Sources */,
				BAF9BBD128D1CDAC00DA3105 /* CollectionInfoViewController.swift in Sources */,
				BAF9BBDF28D3173200DA3105 /* shortViewController.swift in Sources */,
				01CBAEE728CF5ECF003A4ABA /* HomeViewController.swift in Sources */,
				BAF9BBDD28D29C7400DA3105 /* MapViewController.swift in Sources */,
				010FA23628D070D200FB75F4 /* MessageViewController.swift in Sources */,
				BAF9BBCF28D1470500DA3105 /* EditProfileViewController.swift in Sources */,
				BAF9BBD328D1EABE00DA3105 /* AddSessionViewController.swift in Sources */,
				BAF9BBD628D2860000DA3105 /* profileTableViewCell.swift in Sources */,
				44D80CFE28CE13400094B001 /* AppDelegate.swift in Sources */,
				BAF9BBCC28D1305000DA3105 /* CustomCollectionViewCell.swift in Sources */,
				44D80D0828CE13400094B001 /* FinalProject.xcdatamodeld in Sources */,
				0198AD6828D06025009B2C9D /* ProfileViewController.swift in Sources */,
				01CBAEE328CF3D1B003A4ABA /* ResetViewController.swift in Sources */,
				44D80D0028CE13400094B001 /* SceneDelegate.swift in Sources */,
			);
			runOnlyForDeploymentPostprocessing = 0;
		};
		44D80D0F28CE134E0094B001 /* Sources */ = {
			isa = PBXSourcesBuildPhase;
			buildActionMask = 2147483647;
			files = (
				44D80D1828CE134E0094B001 /* FinalProjectTests.swift in Sources */,
			);
			runOnlyForDeploymentPostprocessing = 0;
		};
		44D80D1928CE134E0094B001 /* Sources */ = {
			isa = PBXSourcesBuildPhase;
			buildActionMask = 2147483647;
			files = (
				44D80D2228CE134E0094B001 /* FinalProjectUITests.swift in Sources */,
				44D80D2428CE134E0094B001 /* FinalProjectUITestsLaunchTests.swift in Sources */,
			);
			runOnlyForDeploymentPostprocessing = 0;
		};
/* End PBXSourcesBuildPhase section */

/* Begin PBXTargetDependency section */
		44D80D1528CE134E0094B001 /* PBXTargetDependency */ = {
			isa = PBXTargetDependency;
			target = 44D80CF928CE13400094B001 /* FinalProject */;
			targetProxy = 44D80D1428CE134E0094B001 /* PBXContainerItemProxy */;
		};
		44D80D1F28CE134E0094B001 /* PBXTargetDependency */ = {
			isa = PBXTargetDependency;
			target = 44D80CF928CE13400094B001 /* FinalProject */;
			targetProxy = 44D80D1E28CE134E0094B001 /* PBXContainerItemProxy */;
		};
/* End PBXTargetDependency section */

/* Begin PBXVariantGroup section */
		44D80D0328CE13400094B001 /* Main.storyboard */ = {
			isa = PBXVariantGroup;
			children = (
				44D80D0428CE13400094B001 /* Base */,
			);
			name = Main.storyboard;
			sourceTree = "<group>";
		};
		44D80D0B28CE134D0094B001 /* LaunchScreen.storyboard */ = {
			isa = PBXVariantGroup;
			children = (
				44D80D0C28CE134D0094B001 /* Base */,
			);
			name = LaunchScreen.storyboard;
			sourceTree = "<group>";
		};
/* End PBXVariantGroup section */

/* Begin XCBuildConfiguration section */
		44D80D2528CE134E0094B001 /* Debug */ = {
			isa = XCBuildConfiguration;
			buildSettings = {
				ALWAYS_SEARCH_USER_PATHS = NO;
				CLANG_ANALYZER_NONNULL = YES;
				CLANG_ANALYZER_NUMBER_OBJECT_CONVERSION = YES_AGGRESSIVE;
				CLANG_CXX_LANGUAGE_STANDARD = "gnu++17";
				CLANG_ENABLE_MODULES = YES;
				CLANG_ENABLE_OBJC_ARC = YES;
				CLANG_ENABLE_OBJC_WEAK = YES;
				CLANG_WARN_BLOCK_CAPTURE_AUTORELEASING = YES;
				CLANG_WARN_BOOL_CONVERSION = YES;
				CLANG_WARN_COMMA = YES;
				CLANG_WARN_CONSTANT_CONVERSION = YES;
				CLANG_WARN_DEPRECATED_OBJC_IMPLEMENTATIONS = YES;
				CLANG_WARN_DIRECT_OBJC_ISA_USAGE = YES_ERROR;
				CLANG_WARN_DOCUMENTATION_COMMENTS = YES;
				CLANG_WARN_EMPTY_BODY = YES;
				CLANG_WARN_ENUM_CONVERSION = YES;
				CLANG_WARN_INFINITE_RECURSION = YES;
				CLANG_WARN_INT_CONVERSION = YES;
				CLANG_WARN_NON_LITERAL_NULL_CONVERSION = YES;
				CLANG_WARN_OBJC_IMPLICIT_RETAIN_SELF = YES;
				CLANG_WARN_OBJC_LITERAL_CONVERSION = YES;
				CLANG_WARN_OBJC_ROOT_CLASS = YES_ERROR;
				CLANG_WARN_QUOTED_INCLUDE_IN_FRAMEWORK_HEADER = YES;
				CLANG_WARN_RANGE_LOOP_ANALYSIS = YES;
				CLANG_WARN_STRICT_PROTOTYPES = YES;
				CLANG_WARN_SUSPICIOUS_MOVE = YES;
				CLANG_WARN_UNGUARDED_AVAILABILITY = YES_AGGRESSIVE;
				CLANG_WARN_UNREACHABLE_CODE = YES;
				CLANG_WARN__DUPLICATE_METHOD_MATCH = YES;
				COPY_PHASE_STRIP = NO;
				DEBUG_INFORMATION_FORMAT = dwarf;
				ENABLE_STRICT_OBJC_MSGSEND = YES;
				ENABLE_TESTABILITY = YES;
				GCC_C_LANGUAGE_STANDARD = gnu11;
				GCC_DYNAMIC_NO_PIC = NO;
				GCC_NO_COMMON_BLOCKS = YES;
				GCC_OPTIMIZATION_LEVEL = 0;
				GCC_PREPROCESSOR_DEFINITIONS = (
					"DEBUG=1",
					"$(inherited)",
				);
				GCC_WARN_64_TO_32_BIT_CONVERSION = YES;
				GCC_WARN_ABOUT_RETURN_TYPE = YES_ERROR;
				GCC_WARN_UNDECLARED_SELECTOR = YES;
				GCC_WARN_UNINITIALIZED_AUTOS = YES_AGGRESSIVE;
				GCC_WARN_UNUSED_FUNCTION = YES;
				GCC_WARN_UNUSED_VARIABLE = YES;
				IPHONEOS_DEPLOYMENT_TARGET = 15.5;
				MTL_ENABLE_DEBUG_INFO = INCLUDE_SOURCE;
				MTL_FAST_MATH = YES;
				ONLY_ACTIVE_ARCH = YES;
				SDKROOT = iphoneos;
				SWIFT_ACTIVE_COMPILATION_CONDITIONS = DEBUG;
				SWIFT_OPTIMIZATION_LEVEL = "-Onone";
			};
			name = Debug;
		};
		44D80D2628CE134E0094B001 /* Release */ = {
			isa = XCBuildConfiguration;
			buildSettings = {
				ALWAYS_SEARCH_USER_PATHS = NO;
				CLANG_ANALYZER_NONNULL = YES;
				CLANG_ANALYZER_NUMBER_OBJECT_CONVERSION = YES_AGGRESSIVE;
				CLANG_CXX_LANGUAGE_STANDARD = "gnu++17";
				CLANG_ENABLE_MODULES = YES;
				CLANG_ENABLE_OBJC_ARC = YES;
				CLANG_ENABLE_OBJC_WEAK = YES;
				CLANG_WARN_BLOCK_CAPTURE_AUTORELEASING = YES;
				CLANG_WARN_BOOL_CONVERSION = YES;
				CLANG_WARN_COMMA = YES;
				CLANG_WARN_CONSTANT_CONVERSION = YES;
				CLANG_WARN_DEPRECATED_OBJC_IMPLEMENTATIONS = YES;
				CLANG_WARN_DIRECT_OBJC_ISA_USAGE = YES_ERROR;
				CLANG_WARN_DOCUMENTATION_COMMENTS = YES;
				CLANG_WARN_EMPTY_BODY = YES;
				CLANG_WARN_ENUM_CONVERSION = YES;
				CLANG_WARN_INFINITE_RECURSION = YES;
				CLANG_WARN_INT_CONVERSION = YES;
				CLANG_WARN_NON_LITERAL_NULL_CONVERSION = YES;
				CLANG_WARN_OBJC_IMPLICIT_RETAIN_SELF = YES;
				CLANG_WARN_OBJC_LITERAL_CONVERSION = YES;
				CLANG_WARN_OBJC_ROOT_CLASS = YES_ERROR;
				CLANG_WARN_QUOTED_INCLUDE_IN_FRAMEWORK_HEADER = YES;
				CLANG_WARN_RANGE_LOOP_ANALYSIS = YES;
				CLANG_WARN_STRICT_PROTOTYPES = YES;
				CLANG_WARN_SUSPICIOUS_MOVE = YES;
				CLANG_WARN_UNGUARDED_AVAILABILITY = YES_AGGRESSIVE;
				CLANG_WARN_UNREACHABLE_CODE = YES;
				CLANG_WARN__DUPLICATE_METHOD_MATCH = YES;
				COPY_PHASE_STRIP = NO;
				DEBUG_INFORMATION_FORMAT = "dwarf-with-dsym";
				ENABLE_NS_ASSERTIONS = NO;
				ENABLE_STRICT_OBJC_MSGSEND = YES;
				GCC_C_LANGUAGE_STANDARD = gnu11;
				GCC_NO_COMMON_BLOCKS = YES;
				GCC_WARN_64_TO_32_BIT_CONVERSION = YES;
				GCC_WARN_ABOUT_RETURN_TYPE = YES_ERROR;
				GCC_WARN_UNDECLARED_SELECTOR = YES;
				GCC_WARN_UNINITIALIZED_AUTOS = YES_AGGRESSIVE;
				GCC_WARN_UNUSED_FUNCTION = YES;
				GCC_WARN_UNUSED_VARIABLE = YES;
				IPHONEOS_DEPLOYMENT_TARGET = 15.5;
				MTL_ENABLE_DEBUG_INFO = NO;
				MTL_FAST_MATH = YES;
				SDKROOT = iphoneos;
				SWIFT_COMPILATION_MODE = wholemodule;
				SWIFT_OPTIMIZATION_LEVEL = "-O";
				VALIDATE_PRODUCT = YES;
			};
			name = Release;
		};
		44D80D2828CE134E0094B001 /* Debug */ = {
			isa = XCBuildConfiguration;
			baseConfigurationReference = 6FA2367C9A61480B87FB4C3C /* Pods-FinalProject.debug.xcconfig */;
			buildSettings = {
				ASSETCATALOG_COMPILER_APPICON_NAME = AppIcon;
				ASSETCATALOG_COMPILER_GLOBAL_ACCENT_COLOR_NAME = AccentColor;
				CODE_SIGN_STYLE = Automatic;
				CURRENT_PROJECT_VERSION = 1;
				DEVELOPMENT_TEAM = N8TQ3KB27Z;
				GENERATE_INFOPLIST_FILE = YES;
				INFOPLIST_FILE = FinalProject/Info.plist;
				INFOPLIST_KEY_UIApplicationSupportsIndirectInputEvents = YES;
				INFOPLIST_KEY_UILaunchStoryboardName = LaunchScreen;
				INFOPLIST_KEY_UIMainStoryboardFile = Main;
				INFOPLIST_KEY_UISupportedInterfaceOrientations_iPad = "UIInterfaceOrientationPortrait UIInterfaceOrientationPortraitUpsideDown UIInterfaceOrientationLandscapeLeft UIInterfaceOrientationLandscapeRight";
				INFOPLIST_KEY_UISupportedInterfaceOrientations_iPhone = "UIInterfaceOrientationPortrait UIInterfaceOrientationLandscapeLeft UIInterfaceOrientationLandscapeRight";
				LD_RUNPATH_SEARCH_PATHS = (
					"$(inherited)",
					"@executable_path/Frameworks",
				);
				MARKETING_VERSION = 1.0;
				PRODUCT_BUNDLE_IDENTIFIER = com.example.FinalProject;
				PRODUCT_NAME = "$(TARGET_NAME)";
				SWIFT_EMIT_LOC_STRINGS = YES;
				SWIFT_VERSION = 5.0;
				TARGETED_DEVICE_FAMILY = "1,2";
			};
			name = Debug;
		};
		44D80D2928CE134E0094B001 /* Release */ = {
			isa = XCBuildConfiguration;
			baseConfigurationReference = 45547644A2784E44D4ADC8E5 /* Pods-FinalProject.release.xcconfig */;
			buildSettings = {
				ASSETCATALOG_COMPILER_APPICON_NAME = AppIcon;
				ASSETCATALOG_COMPILER_GLOBAL_ACCENT_COLOR_NAME = AccentColor;
				CODE_SIGN_STYLE = Automatic;
				CURRENT_PROJECT_VERSION = 1;
				DEVELOPMENT_TEAM = N8TQ3KB27Z;
				GENERATE_INFOPLIST_FILE = YES;
				INFOPLIST_FILE = FinalProject/Info.plist;
				INFOPLIST_KEY_UIApplicationSupportsIndirectInputEvents = YES;
				INFOPLIST_KEY_UILaunchStoryboardName = LaunchScreen;
				INFOPLIST_KEY_UIMainStoryboardFile = Main;
				INFOPLIST_KEY_UISupportedInterfaceOrientations_iPad = "UIInterfaceOrientationPortrait UIInterfaceOrientationPortraitUpsideDown UIInterfaceOrientationLandscapeLeft UIInterfaceOrientationLandscapeRight";
				INFOPLIST_KEY_UISupportedInterfaceOrientations_iPhone = "UIInterfaceOrientationPortrait UIInterfaceOrientationLandscapeLeft UIInterfaceOrientationLandscapeRight";
				LD_RUNPATH_SEARCH_PATHS = (
					"$(inherited)",
					"@executable_path/Frameworks",
				);
				MARKETING_VERSION = 1.0;
				PRODUCT_BUNDLE_IDENTIFIER = com.example.FinalProject;
				PRODUCT_NAME = "$(TARGET_NAME)";
				SWIFT_EMIT_LOC_STRINGS = YES;
				SWIFT_VERSION = 5.0;
				TARGETED_DEVICE_FAMILY = "1,2";
			};
			name = Release;
		};
		44D80D2B28CE134E0094B001 /* Debug */ = {
			isa = XCBuildConfiguration;
			baseConfigurationReference = 3153DE799D2510DF03B71FE5 /* Pods-FinalProjectTests.debug.xcconfig */;
			buildSettings = {
				ALWAYS_EMBED_SWIFT_STANDARD_LIBRARIES = YES;
				BUNDLE_LOADER = "$(TEST_HOST)";
				CODE_SIGN_STYLE = Automatic;
				CURRENT_PROJECT_VERSION = 1;
				GENERATE_INFOPLIST_FILE = YES;
				IPHONEOS_DEPLOYMENT_TARGET = 15.5;
				MARKETING_VERSION = 1.0;
				PRODUCT_BUNDLE_IDENTIFIER = com.example.FinalProjectTests;
				PRODUCT_NAME = "$(TARGET_NAME)";
				SWIFT_EMIT_LOC_STRINGS = NO;
				SWIFT_VERSION = 5.0;
				TARGETED_DEVICE_FAMILY = "1,2";
				TEST_HOST = "$(BUILT_PRODUCTS_DIR)/FinalProject.app/FinalProject";
			};
			name = Debug;
		};
		44D80D2C28CE134E0094B001 /* Release */ = {
			isa = XCBuildConfiguration;
			baseConfigurationReference = 16177B794DBBC19351F15A99 /* Pods-FinalProjectTests.release.xcconfig */;
			buildSettings = {
				ALWAYS_EMBED_SWIFT_STANDARD_LIBRARIES = YES;
				BUNDLE_LOADER = "$(TEST_HOST)";
				CODE_SIGN_STYLE = Automatic;
				CURRENT_PROJECT_VERSION = 1;
				GENERATE_INFOPLIST_FILE = YES;
				IPHONEOS_DEPLOYMENT_TARGET = 15.5;
				MARKETING_VERSION = 1.0;
				PRODUCT_BUNDLE_IDENTIFIER = com.example.FinalProjectTests;
				PRODUCT_NAME = "$(TARGET_NAME)";
				SWIFT_EMIT_LOC_STRINGS = NO;
				SWIFT_VERSION = 5.0;
				TARGETED_DEVICE_FAMILY = "1,2";
				TEST_HOST = "$(BUILT_PRODUCTS_DIR)/FinalProject.app/FinalProject";
			};
			name = Release;
		};
		44D80D2E28CE134E0094B001 /* Debug */ = {
			isa = XCBuildConfiguration;
			baseConfigurationReference = 775B9C03BE8365F0E04F124B /* Pods-FinalProject-FinalProjectUITests.debug.xcconfig */;
			buildSettings = {
				ALWAYS_EMBED_SWIFT_STANDARD_LIBRARIES = YES;
				CODE_SIGN_STYLE = Automatic;
				CURRENT_PROJECT_VERSION = 1;
				GENERATE_INFOPLIST_FILE = YES;
				MARKETING_VERSION = 1.0;
				PRODUCT_BUNDLE_IDENTIFIER = com.example.FinalProjectUITests;
				PRODUCT_NAME = "$(TARGET_NAME)";
				SWIFT_EMIT_LOC_STRINGS = NO;
				SWIFT_VERSION = 5.0;
				TARGETED_DEVICE_FAMILY = "1,2";
				TEST_TARGET_NAME = FinalProject;
			};
			name = Debug;
		};
		44D80D2F28CE134E0094B001 /* Release */ = {
			isa = XCBuildConfiguration;
			baseConfigurationReference = 24F7C2EE9B0054C42BB3C323 /* Pods-FinalProject-FinalProjectUITests.release.xcconfig */;
			buildSettings = {
				ALWAYS_EMBED_SWIFT_STANDARD_LIBRARIES = YES;
				CODE_SIGN_STYLE = Automatic;
				CURRENT_PROJECT_VERSION = 1;
				GENERATE_INFOPLIST_FILE = YES;
				MARKETING_VERSION = 1.0;
				PRODUCT_BUNDLE_IDENTIFIER = com.example.FinalProjectUITests;
				PRODUCT_NAME = "$(TARGET_NAME)";
				SWIFT_EMIT_LOC_STRINGS = NO;
				SWIFT_VERSION = 5.0;
				TARGETED_DEVICE_FAMILY = "1,2";
				TEST_TARGET_NAME = FinalProject;
			};
			name = Release;
		};
/* End XCBuildConfiguration section */

/* Begin XCConfigurationList section */
		44D80CF528CE13400094B001 /* Build configuration list for PBXProject "FinalProject" */ = {
			isa = XCConfigurationList;
			buildConfigurations = (
				44D80D2528CE134E0094B001 /* Debug */,
				44D80D2628CE134E0094B001 /* Release */,
			);
			defaultConfigurationIsVisible = 0;
			defaultConfigurationName = Release;
		};
		44D80D2728CE134E0094B001 /* Build configuration list for PBXNativeTarget "FinalProject" */ = {
			isa = XCConfigurationList;
			buildConfigurations = (
				44D80D2828CE134E0094B001 /* Debug */,
				44D80D2928CE134E0094B001 /* Release */,
			);
			defaultConfigurationIsVisible = 0;
			defaultConfigurationName = Release;
		};
		44D80D2A28CE134E0094B001 /* Build configuration list for PBXNativeTarget "FinalProjectTests" */ = {
			isa = XCConfigurationList;
			buildConfigurations = (
				44D80D2B28CE134E0094B001 /* Debug */,
				44D80D2C28CE134E0094B001 /* Release */,
			);
			defaultConfigurationIsVisible = 0;
			defaultConfigurationName = Release;
		};
		44D80D2D28CE134E0094B001 /* Build configuration list for PBXNativeTarget "FinalProjectUITests" */ = {
			isa = XCConfigurationList;
			buildConfigurations = (
				44D80D2E28CE134E0094B001 /* Debug */,
				44D80D2F28CE134E0094B001 /* Release */,
			);
			defaultConfigurationIsVisible = 0;
			defaultConfigurationName = Release;
		};
/* End XCConfigurationList section */

/* Begin XCRemoteSwiftPackageReference section */
		444CAC2828CF165100ED9FFD /* XCRemoteSwiftPackageReference "firebase-ios-sdk" */ = {
			isa = XCRemoteSwiftPackageReference;
			repositoryURL = "https://github.com/firebase/firebase-ios-sdk";
			requirement = {
				kind = upToNextMajorVersion;
				minimumVersion = 9.0.0;
			};
		};
/* End XCRemoteSwiftPackageReference section */

/* Begin XCSwiftPackageProductDependency section */
		444CAC2928CF165100ED9FFD /* FirebaseAuth */ = {
			isa = XCSwiftPackageProductDependency;
			package = 444CAC2828CF165100ED9FFD /* XCRemoteSwiftPackageReference "firebase-ios-sdk" */;
			productName = FirebaseAuth;
		};
		444CAC2B28CF165100ED9FFD /* FirebaseDatabase */ = {
			isa = XCSwiftPackageProductDependency;
			package = 444CAC2828CF165100ED9FFD /* XCRemoteSwiftPackageReference "firebase-ios-sdk" */;
			productName = FirebaseDatabase;
		};
		444CAC2D28CF165100ED9FFD /* FirebaseFirestore */ = {
			isa = XCSwiftPackageProductDependency;
			package = 444CAC2828CF165100ED9FFD /* XCRemoteSwiftPackageReference "firebase-ios-sdk" */;
			productName = FirebaseFirestore;
		};
		444CAC2F28CF165100ED9FFD /* FirebaseStorage */ = {
			isa = XCSwiftPackageProductDependency;
			package = 444CAC2828CF165100ED9FFD /* XCRemoteSwiftPackageReference "firebase-ios-sdk" */;
			productName = FirebaseStorage;
		};
/* End XCSwiftPackageProductDependency section */

/* Begin XCVersionGroup section */
		44D80D0628CE13400094B001 /* FinalProject.xcdatamodeld */ = {
			isa = XCVersionGroup;
			children = (
				44D80D0728CE13400094B001 /* FinalProject.xcdatamodel */,
			);
			currentVersion = 44D80D0728CE13400094B001 /* FinalProject.xcdatamodel */;
			path = FinalProject.xcdatamodeld;
			sourceTree = "<group>";
			versionGroupType = wrapper.xcdatamodel;
		};
/* End XCVersionGroup section */
	};
	rootObject = 44D80CF228CE13400094B001 /* Project object */;
}
